
Microsoft Visual Studio Solution File, Format Version 12.00
# Visual Studio Version 17
VisualStudioVersion = 17.10.34928.147
MinimumVisualStudioVersion = 10.0.40219.1
Project("{9A19103F-16F7-4668-BE54-9A1E7A4F7556}") = "GenGurka", "source\GenGurka\GenGurka.csproj", "{010A6D90-7B03-4F47-892B-A86B33DDF059}"
EndProject
Project("{FAE04EC0-301F-11D3-BF4B-00C04F79EFBC}") = "GurkaSpec", "source\GurkaSpec\GurkaSpec.csproj", "{887A1E22-1763-4486-895E-3BAF33256587}"
EndProject
Global
	GlobalSection(SolutionConfigurationPlatforms) = preSolution
		Debug|Any CPU = Debug|Any CPU
		Release|Any CPU = Release|Any CPU
	EndGlobalSection
	GlobalSection(ProjectConfigurationPlatforms) = postSolution
		{010A6D90-7B03-4F47-892B-A86B33DDF059}.Debug|Any CPU.ActiveCfg = Debug|Any CPU
		{010A6D90-7B03-4F47-892B-A86B33DDF059}.Debug|Any CPU.Build.0 = Debug|Any CPU
		{010A6D90-7B03-4F47-892B-A86B33DDF059}.Release|Any CPU.ActiveCfg = Release|Any CPU
		{010A6D90-7B03-4F47-892B-A86B33DDF059}.Release|Any CPU.Build.0 = Release|Any CPU
		{887A1E22-1763-4486-895E-3BAF33256587}.Debug|Any CPU.ActiveCfg = Debug|Any CPU
		{887A1E22-1763-4486-895E-3BAF33256587}.Debug|Any CPU.Build.0 = Debug|Any CPU
		{887A1E22-1763-4486-895E-3BAF33256587}.Release|Any CPU.ActiveCfg = Release|Any CPU
		{887A1E22-1763-4486-895E-3BAF33256587}.Release|Any CPU.Build.0 = Release|Any CPU
	EndGlobalSection
	GlobalSection(SolutionProperties) = preSolution
		HideSolutionNode = FALSE
	EndGlobalSection
	GlobalSection(ExtensibilityGlobals) = postSolution
		SolutionGuid = {5D765040-0E43-46C4-B5A0-58DD7F4F3DFB}
	EndGlobalSection
EndGlobal
