
Microsoft Visual Studio Solution File, Format Version 12.00
# Visual Studio Version 17
VisualStudioVersion = 17.10.34928.147
MinimumVisualStudioVersion = 10.0.40219.1
Project("{9A19103F-16F7-4668-BE54-9A1E7A4F7556}") = "ReqnrollDemo", "source\ReqnrollDemo\ReqnrollDemo.csproj", "{ECE2FDCE-CC11-48B9-BCC5-5071A87A58D8}"
EndProject
Project("{FAE04EC0-301F-11D3-BF4B-00C04F79EFBC}") = "ReqnrollDemo.Spec", "tests\ReqnrollDemo.Spec\ReqnrollDemo.Spec.csproj", "{64207285-A4E3-4D0C-8E53-2474F8A00753}"
EndProject
Global
	GlobalSection(SolutionConfigurationPlatforms) = preSolution
		Debug|Any CPU = Debug|Any CPU
		Release|Any CPU = Release|Any CPU
	EndGlobalSection
	GlobalSection(ProjectConfigurationPlatforms) = postSolution
		{ECE2FDCE-CC11-48B9-BCC5-5071A87A58D8}.Debug|Any CPU.ActiveCfg = Debug|Any CPU
		{ECE2FDCE-CC11-48B9-BCC5-5071A87A58D8}.Debug|Any CPU.Build.0 = Debug|Any CPU
		{ECE2FDCE-CC11-48B9-BCC5-5071A87A58D8}.Release|Any CPU.ActiveCfg = Release|Any CPU
		{ECE2FDCE-CC11-48B9-BCC5-5071A87A58D8}.Release|Any CPU.Build.0 = Release|Any CPU
		{64207285-A4E3-4D0C-8E53-2474F8A00753}.Debug|Any CPU.ActiveCfg = Debug|Any CPU
		{64207285-A4E3-4D0C-8E53-2474F8A00753}.Debug|Any CPU.Build.0 = Debug|Any CPU
		{64207285-A4E3-4D0C-8E53-2474F8A00753}.Release|Any CPU.ActiveCfg = Release|Any CPU
		{64207285-A4E3-4D0C-8E53-2474F8A00753}.Release|Any CPU.Build.0 = Release|Any CPU
	EndGlobalSection
	GlobalSection(SolutionProperties) = preSolution
		HideSolutionNode = FALSE
	EndGlobalSection
	GlobalSection(ExtensibilityGlobals) = postSolution
		SolutionGuid = {DECBDC7C-7561-41D0-A39E-3D181A4BB044}
	EndGlobalSection
EndGlobal
