
Microsoft Visual Studio Solution File, Format Version 12.00
# Visual Studio Version 17
VisualStudioVersion = 17.10.34928.147
MinimumVisualStudioVersion = 10.0.40219.1
Project("{9A19103F-16F7-4668-BE54-9A1E7A4F7556}") = "VizGurka", "source\VizGurka\VizGurka.csproj", "{9B0404AE-B976-434F-BF1E-5667597021E0}"
EndProject
Project("{9A19103F-16F7-4668-BE54-9A1E7A4F7556}") = "GurkaSpec", "source\GurkaSpec\GurkaSpec.csproj", "{5347A6E1-0AB2-473C-A339-C6BAE144015B}"
EndProject
Global
	GlobalSection(SolutionConfigurationPlatforms) = preSolution
		Debug|Any CPU = Debug|Any CPU
		Release|Any CPU = Release|Any CPU
	EndGlobalSection
	GlobalSection(ProjectConfigurationPlatforms) = postSolution
		{9B0404AE-B976-434F-BF1E-5667597021E0}.Debug|Any CPU.ActiveCfg = Debug|Any CPU
		{9B0404AE-B976-434F-BF1E-5667597021E0}.Debug|Any CPU.Build.0 = Debug|Any CPU
		{9B0404AE-B976-434F-BF1E-5667597021E0}.Release|Any CPU.ActiveCfg = Release|Any CPU
		{9B0404AE-B976-434F-BF1E-5667597021E0}.Release|Any CPU.Build.0 = Release|Any CPU
		{5347A6E1-0AB2-473C-A339-C6BAE144015B}.Debug|Any CPU.ActiveCfg = Debug|Any CPU
		{5347A6E1-0AB2-473C-A339-C6BAE144015B}.Debug|Any CPU.Build.0 = Debug|Any CPU
		{5347A6E1-0AB2-473C-A339-C6BAE144015B}.Release|Any CPU.ActiveCfg = Release|Any CPU
		{5347A6E1-0AB2-473C-A339-C6BAE144015B}.Release|Any CPU.Build.0 = Release|Any CPU
	EndGlobalSection
	GlobalSection(SolutionProperties) = preSolution
		HideSolutionNode = FALSE
	EndGlobalSection
	GlobalSection(ExtensibilityGlobals) = postSolution
		SolutionGuid = {A8C6904C-5C71-498A-8F5E-5B521DBE111E}
	EndGlobalSection
EndGlobal
