Microsoft Visual Studio Solution File, Format Version 12.00
# Visual Studio Version 17
VisualStudioVersion = 17.5.2.0
MinimumVisualStudioVersion = 10.0.40219.1
Project("{FAE04EC0-301F-11D3-BF4B-00C04F79EFBC}") = "ReqnrollDemoTwo", "ReqnrollDemoTwo.csproj", "{58929E5A-15CF-B6E5-B27C-5D949DA47D44}"
EndProject
Global
	GlobalSection(SolutionConfigurationPlatforms) = preSolution
		Debug|Any CPU = Debug|Any CPU
		Release|Any CPU = Release|Any CPU
	EndGlobalSection
	GlobalSection(ProjectConfigurationPlatforms) = postSolution
		{58929E5A-15CF-B6E5-B27C-5D949DA47D44}.Debug|Any CPU.ActiveCfg = Debug|Any CPU
		{58929E5A-15CF-B6E5-B27C-5D949DA47D44}.Debug|Any CPU.Build.0 = Debug|Any CPU
		{58929E5A-15CF-B6E5-B27C-5D949DA47D44}.Release|Any CPU.ActiveCfg = Release|Any CPU
		{58929E5A-15CF-B6E5-B27C-5D949DA47D44}.Release|Any CPU.Build.0 = Release|Any CPU
	EndGlobalSection
	GlobalSection(SolutionProperties) = preSolution
		HideSolutionNode = FALSE
	EndGlobalSection
	GlobalSection(ExtensibilityGlobals) = postSolution
		SolutionGuid = {EDA3EFD8-6B4C-422F-8B84-4AB065055CE1}
	EndGlobalSection
EndGlobal
