Microsoft Visual Studio Solution File, Format Version 12.00
# Visual Studio Version 17
VisualStudioVersion = 17.5.2.0
MinimumVisualStudioVersion = 10.0.40219.1
Project("{FAE04EC0-301F-11D3-BF4B-00C04F79EFBC}") = "VizGurka", "VizGurka.csproj", "{4B25BB15-A0A7-69AC-FCCD-E8837B4380E9}"
EndProject
Global
	GlobalSection(SolutionConfigurationPlatforms) = preSolution
		Debug|Any CPU = Debug|Any CPU
		Release|Any CPU = Release|Any CPU
	EndGlobalSection
	GlobalSection(ProjectConfigurationPlatforms) = postSolution
		{4B25BB15-A0A7-69AC-FCCD-E8837B4380E9}.Debug|Any CPU.ActiveCfg = Debug|Any CPU
		{4B25BB15-A0A7-69AC-FCCD-E8837B4380E9}.Debug|Any CPU.Build.0 = Debug|Any CPU
		{4B25BB15-A0A7-69AC-FCCD-E8837B4380E9}.Release|Any CPU.ActiveCfg = Release|Any CPU
		{4B25BB15-A0A7-69AC-FCCD-E8837B4380E9}.Release|Any CPU.Build.0 = Release|Any CPU
	EndGlobalSection
	GlobalSection(SolutionProperties) = preSolution
		HideSolutionNode = FALSE
	EndGlobalSection
	GlobalSection(ExtensibilityGlobals) = postSolution
		SolutionGuid = {D59AEA4E-E8F5-48C7-81D9-76865DDC681F}
	EndGlobalSection
EndGlobal
